{
  "requires": true,
  "lockfileVersion": 1,
  "dependencies": {
    "@ngrx/store": {
      "version": "8.4.0",
      "resolved": "https://registry.npmjs.org/@ngrx/store/-/store-8.4.0.tgz",
      "integrity": "sha512-Z8+2hfGcynGrzJuU7ixxYxOI6M2E0H8Omni1u01h55vvaZeoTO8bRt6OWqbjxxEsSKQmBBZ1XyOuuZXSWjxvYw=="
    },
    "ngrx-actions": {
      "version": "4.0.0",
      "resolved": "https://registry.npmjs.org/ngrx-actions/-/ngrx-actions-4.0.0.tgz",
      "integrity": "sha512-Kk9LAU7OuI1MvR62CLULJDuqjm5C5CZWTZCfy8/lNvCVe/63xly1qGnCzKPf6MnpLZrQk0vxh8180wAgc1I/Cw=="
    }
  }
}
